{
  "version": "3",
  "remote": {
    "https://deno.land/std@0.168.0/fmt/colors.ts": "03ad95e543d2808bc43c17a3dd29d25b43d0f16287fe562a0be89bf632454a12",
    "https://deno.land/std@0.168.0/testing/_diff.ts": "a23e7fc2b4d8daa3e158fa06856bedf5334ce2a2831e8bf9e509717f455adb2c",
    "https://deno.land/std@0.168.0/testing/_format.ts": "cd11136e1797791045e639e9f0f4640d5b4166148796cad37e6ef75f7d7f3832",
    "https://deno.land/std@0.168.0/testing/asserts.ts": "51353e79437361d4b02d8e32f3fc83b22231bc8f8d4c841d86fd32b0b0afe940",
    "https://deno.land/std@0.171.0/fmt/colors.ts": "938c5d44d889fb82eff6c358bea8baa7e85950a16c9f6dae3ec3a7a729164471",
    "https://deno.land/std@0.171.0/testing/_diff.ts": "1a3c044aedf77647d6cac86b798c6417603361b66b54c53331b312caeb447aea",
    "https://deno.land/std@0.171.0/testing/_format.ts": "a69126e8a469009adf4cf2a50af889aca364c349797e63174884a52ff75cf4c7",
    "https://deno.land/std@0.171.0/testing/asserts.ts": "984ab0bfb3faeed92ffaa3a6b06536c66811185328c5dd146257c702c41b01ab",
    "https://deno.land/std@0.204.0/assert/assert.ts": "9a97dad6d98c238938e7540736b826440ad8c1c1e54430ca4c4e623e585607ee",
    "https://deno.land/std@0.204.0/assert/assertion_error.ts": "4d0bde9b374dfbcbe8ac23f54f567b77024fb67dbb1906a852d67fe050d42f56",
    "https://deno.land/std@0.204.0/bytes/copy.ts": "939d89e302a9761dcf1d9c937c7711174ed74c59eef40a1e4569a05c9de88219",
    "https://deno.land/std@0.204.0/io/buffer.ts": "2108faba32659e5a390bb59b1b4578ff0120b185d9310dd6fbf3b3a3d5775715",
    "https://deno.land/std@0.204.0/regexp/escape.ts": "625c953f03ef0b9628c4d676fef222457b702050faf824f035f05f5f755fb362",
    "https://deno.land/std@0.204.0/regexp/mod.ts": "67452668b66de617a00a10e45c9d1fa651923c3d34c0792da84824cae35c5ddf",
    "https://deno.land/std@0.83.0/bytes/mod.ts": "e4f91c6473fe13e3cf1a23649137f87f49135c10bc08fc0f83382a0fb0b03744",
    "https://deno.land/x/readline@v1.1.0/deps.ts": "ad98d16593ba9981320c193bc306cb6c00b491ad4ea265ff3c8b26285bcba74a",
    "https://deno.land/x/readline@v1.1.0/mod.ts": "fdfe3162d558e75c3ae20e7f23e0fe894205c1040ab08b1bd5169da877594487",
    "https://denopkg.com/ultraxlight/storage@0.1.3/implementations/memory.ts": "27af7caa174a80a35b0ec9f116d7199ae21339105cd3fc4c6b2edeb37ef924af",
    "https://denopkg.com/ultraxlight/storage@0.1.3/src/types.ts": "7d37365576a3636118f43100331aabf8c7a1a1832b18d39d87273155f5493d78",
    "https://denopkg.com/ultraxlight/storage@0.2.0/implementations/memory.ts": "27af7caa174a80a35b0ec9f116d7199ae21339105cd3fc4c6b2edeb37ef924af",
    "https://denopkg.com/ultraxlight/storage@0.2.0/src/types.ts": "318da6b5141a4907ff38cdd2887af259487962edcba3d9b30ff25b654e90d66f",
    "https://denopkg.com/ultraxlight/storage@0.3.1/implementations/memory.ts": "154134d1258876e7e44e9a3ef38823194dd026262343d0bf51e8aab4b141a641",
    "https://denopkg.com/ultraxlight/storage@0.3.1/src/types.ts": "a88a82ab9b813abdbec63ad981ffd8fb84f72ebea472e69936770f44b77d9052",
    "https://denopkg.com/ultraxlight/storage@0.3.2/implementations/memory.ts": "154134d1258876e7e44e9a3ef38823194dd026262343d0bf51e8aab4b141a641",
    "https://denopkg.com/ultraxlight/storage@0.3.2/src/types.ts": "480088219ecdbef0b5c297ee02166e33f27605059b30c55dabcbc2ea14e6f373",
    "https://denopkg.com/ultraxlight/storage@main/src/types.ts": "7d37365576a3636118f43100331aabf8c7a1a1832b18d39d87273155f5493d78",
    "https://esm.sh/ajv@8.6.1": "7aeb7973d277a344d0413e9a778ce0d573ab173fd7008c8f97d11089f7f73974",
    "https://esm.sh/v132/ajv@8.6.1/denonext/ajv.mjs": "1acd66542e2a5345bc5f66591ec9674baf0333f9bab22e045ca1cd518b1a273c",
    "https://esm.sh/v132/fast-deep-equal@3.1.3/denonext/fast-deep-equal.mjs": "6313b3e05436550e1c0aeb2a282206b9b8d9213b4c6f247964dd7bb4835fb9e5",
    "https://esm.sh/v132/json-schema-traverse@1.0.0/denonext/json-schema-traverse.mjs": "c5da8353bc014e49ebbb1a2c0162d29969a14c325da19644e511f96ba670cc45",
    "https://esm.sh/v132/uri-js@4.4.1/denonext/uri-js.mjs": "901d462f9db207376b39ec603d841d87e6b9e9568ce97dfaab12aa77d0f99f74"
  }
}
